
Microsoft Visual Studio Solution File, Format Version 12.00
# Visual Studio Version 17
VisualStudioVersion = 17.8.34330.188
MinimumVisualStudioVersion = 10.0.40219.1
Project("{9A19103F-16F7-4668-BE54-9A1E7A4F7556}") = "DSS", "DSS.csproj", "{554AF010-C877-4F8B-A0FE-2B16695E668B}"
EndProject
Project("{FAE04EC0-301F-11D3-BF4B-00C04F79EFBC}") = "DSS.Tests", "..\DSS.Tests\DSS.Tests.csproj", "{EDF7FA99-331C-413E-B784-0644443980B2}"
EndProject
Global
	GlobalSection(SolutionConfigurationPlatforms) = preSolution
		Debug|Any CPU = Debug|Any CPU
		Release|Any CPU = Release|Any CPU
	EndGlobalSection
	GlobalSection(ProjectConfigurationPlatforms) = postSolution
		{554AF010-C877-4F8B-A0FE-2B16695E668B}.Debug|Any CPU.ActiveCfg = Debug|Any CPU
		{554AF010-C877-4F8B-A0FE-2B16695E668B}.Debug|Any CPU.Build.0 = Debug|Any CPU
		{554AF010-C877-4F8B-A0FE-2B16695E668B}.Release|Any CPU.ActiveCfg = Release|Any CPU
		{554AF010-C877-4F8B-A0FE-2B16695E668B}.Release|Any CPU.Build.0 = Release|Any CPU
		{EDF7FA99-331C-413E-B784-0644443980B2}.Debug|Any CPU.ActiveCfg = Debug|Any CPU
		{EDF7FA99-331C-413E-B784-0644443980B2}.Debug|Any CPU.Build.0 = Debug|Any CPU
		{EDF7FA99-331C-413E-B784-0644443980B2}.Release|Any CPU.ActiveCfg = Release|Any CPU
		{EDF7FA99-331C-413E-B784-0644443980B2}.Release|Any CPU.Build.0 = Release|Any CPU
	EndGlobalSection
	GlobalSection(SolutionProperties) = preSolution
		HideSolutionNode = FALSE
	EndGlobalSection
	GlobalSection(ExtensibilityGlobals) = postSolution
		SolutionGuid = {DE0AA79F-4538-43F5-B4D7-8415B119F058}
	EndGlobalSection
EndGlobal
